
Microsoft Visual Studio Solution File, Format Version 12.00
Project("{FAE04EC0-301F-11D3-BF4B-00C04F79EFBC}") = "ZDK.ResourceManager.Abstractions", "src\ZDK.ResourceManager.Abstractions\ZDK.ResourceManager.Abstractions.csproj", "{61407D33-C131-4219-9BBB-7F7A4BC6924D}"
EndProject
Project("{2150E333-8FDC-42A3-9474-1A3956D46DE8}") = "Localizations", "Localizations", "{3A87375B-0B4A-4F31-B49C-ABEF18387814}"
EndProject
Project("{FAE04EC0-301F-11D3-BF4B-00C04F79EFBC}") = "ZDK.ResourceManager.Providers.FileSystem", "src\ZDK.ResourceManager.Providers.FileSystem\ZDK.ResourceManager.Providers.FileSystem.csproj", "{2189C40A-7E65-4ABC-A039-3D93C68898B7}"
EndProject
Project("{2150E333-8FDC-42A3-9474-1A3956D46DE8}") = "Abstract", "Abstract", "{8BC1EAFE-18F7-44CF-9D63-AF2E1AADACDE}"
EndProject
Project("{2150E333-8FDC-42A3-9474-1A3956D46DE8}") = "ResourceManagers", "ResourceManagers", "{50C217D3-0F7A-412E-AAE5-F0D2E415AB65}"
EndProject
Project("{FAE04EC0-301F-11D3-BF4B-00C04F79EFBC}") = "ZDK.Localization.Abstractions", "src\ZDK.Localization.Abstractions\ZDK.Localization.Abstractions.csproj", "{AD5570C7-923F-4DDF-A8B0-6BAFC43F747C}"
EndProject
Project("{FAE04EC0-301F-11D3-BF4B-00C04F79EFBC}") = "ZDK.Localization.Json", "src\ZDK.Localization.Json\ZDK.Localization.Json.csproj", "{38AB5F6A-18B8-4475-91E6-628A1305DA8E}"
EndProject
Project("{FAE04EC0-301F-11D3-BF4B-00C04F79EFBC}") = "ZDK.Localization.Csv", "src\ZDK.Localization.Csv\ZDK.Localization.Csv.csproj", "{7B51100E-B1D9-42EC-A9C3-F21F397203C4}"
EndProject
Project("{FAE04EC0-301F-11D3-BF4B-00C04F79EFBC}") = "ZDK.Localization.Excel", "src\ZDK.Localization.Excel\ZDK.Localization.Excel.csproj", "{B9866DD2-A315-418E-8D5F-01C63DED59B5}"
EndProject
Project("{FAE04EC0-301F-11D3-BF4B-00C04F79EFBC}") = "ZDK.Localization.Xml", "src\ZDK.Localization.Xml\ZDK.Localization.Xml.csproj", "{9DAB4150-5DE4-43D0-ACCB-3463CAE16C39}"
EndProject
Global
	GlobalSection(SolutionConfigurationPlatforms) = preSolution
		Debug|Any CPU = Debug|Any CPU
		Release|Any CPU = Release|Any CPU
	EndGlobalSection
	GlobalSection(ProjectConfigurationPlatforms) = postSolution
		{61407D33-C131-4219-9BBB-7F7A4BC6924D}.Debug|Any CPU.ActiveCfg = Debug|Any CPU
		{61407D33-C131-4219-9BBB-7F7A4BC6924D}.Debug|Any CPU.Build.0 = Debug|Any CPU
		{61407D33-C131-4219-9BBB-7F7A4BC6924D}.Release|Any CPU.ActiveCfg = Release|Any CPU
		{61407D33-C131-4219-9BBB-7F7A4BC6924D}.Release|Any CPU.Build.0 = Release|Any CPU
		{2189C40A-7E65-4ABC-A039-3D93C68898B7}.Debug|Any CPU.ActiveCfg = Debug|Any CPU
		{2189C40A-7E65-4ABC-A039-3D93C68898B7}.Debug|Any CPU.Build.0 = Debug|Any CPU
		{2189C40A-7E65-4ABC-A039-3D93C68898B7}.Release|Any CPU.ActiveCfg = Release|Any CPU
		{2189C40A-7E65-4ABC-A039-3D93C68898B7}.Release|Any CPU.Build.0 = Release|Any CPU
		{AD5570C7-923F-4DDF-A8B0-6BAFC43F747C}.Debug|Any CPU.ActiveCfg = Debug|Any CPU
		{AD5570C7-923F-4DDF-A8B0-6BAFC43F747C}.Debug|Any CPU.Build.0 = Debug|Any CPU
		{AD5570C7-923F-4DDF-A8B0-6BAFC43F747C}.Release|Any CPU.ActiveCfg = Release|Any CPU
		{AD5570C7-923F-4DDF-A8B0-6BAFC43F747C}.Release|Any CPU.Build.0 = Release|Any CPU
		{38AB5F6A-18B8-4475-91E6-628A1305DA8E}.Debug|Any CPU.ActiveCfg = Debug|Any CPU
		{38AB5F6A-18B8-4475-91E6-628A1305DA8E}.Debug|Any CPU.Build.0 = Debug|Any CPU
		{38AB5F6A-18B8-4475-91E6-628A1305DA8E}.Release|Any CPU.ActiveCfg = Release|Any CPU
		{38AB5F6A-18B8-4475-91E6-628A1305DA8E}.Release|Any CPU.Build.0 = Release|Any CPU
		{7B51100E-B1D9-42EC-A9C3-F21F397203C4}.Debug|Any CPU.ActiveCfg = Debug|Any CPU
		{7B51100E-B1D9-42EC-A9C3-F21F397203C4}.Debug|Any CPU.Build.0 = Debug|Any CPU
		{7B51100E-B1D9-42EC-A9C3-F21F397203C4}.Release|Any CPU.ActiveCfg = Release|Any CPU
		{7B51100E-B1D9-42EC-A9C3-F21F397203C4}.Release|Any CPU.Build.0 = Release|Any CPU
		{B9866DD2-A315-418E-8D5F-01C63DED59B5}.Debug|Any CPU.ActiveCfg = Debug|Any CPU
		{B9866DD2-A315-418E-8D5F-01C63DED59B5}.Debug|Any CPU.Build.0 = Debug|Any CPU
		{B9866DD2-A315-418E-8D5F-01C63DED59B5}.Release|Any CPU.ActiveCfg = Release|Any CPU
		{B9866DD2-A315-418E-8D5F-01C63DED59B5}.Release|Any CPU.Build.0 = Release|Any CPU
		{9DAB4150-5DE4-43D0-ACCB-3463CAE16C39}.Debug|Any CPU.ActiveCfg = Debug|Any CPU
		{9DAB4150-5DE4-43D0-ACCB-3463CAE16C39}.Debug|Any CPU.Build.0 = Debug|Any CPU
		{9DAB4150-5DE4-43D0-ACCB-3463CAE16C39}.Release|Any CPU.ActiveCfg = Release|Any CPU
		{9DAB4150-5DE4-43D0-ACCB-3463CAE16C39}.Release|Any CPU.Build.0 = Release|Any CPU
	EndGlobalSection
	GlobalSection(NestedProjects) = preSolution
		{61407D33-C131-4219-9BBB-7F7A4BC6924D} = {8BC1EAFE-18F7-44CF-9D63-AF2E1AADACDE}
		{AD5570C7-923F-4DDF-A8B0-6BAFC43F747C} = {8BC1EAFE-18F7-44CF-9D63-AF2E1AADACDE}
		{38AB5F6A-18B8-4475-91E6-628A1305DA8E} = {3A87375B-0B4A-4F31-B49C-ABEF18387814}
		{7B51100E-B1D9-42EC-A9C3-F21F397203C4} = {3A87375B-0B4A-4F31-B49C-ABEF18387814}
		{B9866DD2-A315-418E-8D5F-01C63DED59B5} = {3A87375B-0B4A-4F31-B49C-ABEF18387814}
		{9DAB4150-5DE4-43D0-ACCB-3463CAE16C39} = {3A87375B-0B4A-4F31-B49C-ABEF18387814}
		{2189C40A-7E65-4ABC-A039-3D93C68898B7} = {50C217D3-0F7A-412E-AAE5-F0D2E415AB65}
	EndGlobalSection
EndGlobal
